
Microsoft Visual Studio Solution File, Format Version 12.00
# Visual Studio Version 17
VisualStudioVersion = 17.3.32901.215
MinimumVisualStudioVersion = 10.0.40219.1
Project("{9A19103F-16F7-4668-BE54-9A1E7A4F7556}") = "CommonStyle", "CommonStyle\CommonStyle.csproj", "{75A58FCB-598B-49EA-BC50-6908B79B6066}"
EndProject
Project("{FAE04EC0-301F-11D3-BF4B-00C04F79EFBC}") = "CustomStyle", "CustomStyle\CustomStyle.csproj", "{94FFDB51-86BB-426D-8061-12013AC76612}"
EndProject
Project("{FAE04EC0-301F-11D3-BF4B-00C04F79EFBC}") = "ForTests", "ForTests\ForTests.csproj", "{45DDC767-B0BE-4E21-A78E-DA9A668B5448}"
EndProject
Global
	GlobalSection(SolutionConfigurationPlatforms) = preSolution
		Debug|Any CPU = Debug|Any CPU
		Release|Any CPU = Release|Any CPU
	EndGlobalSection
	GlobalSection(ProjectConfigurationPlatforms) = postSolution
		{75A58FCB-598B-49EA-BC50-6908B79B6066}.Debug|Any CPU.ActiveCfg = Debug|Any CPU
		{75A58FCB-598B-49EA-BC50-6908B79B6066}.Debug|Any CPU.Build.0 = Debug|Any CPU
		{75A58FCB-598B-49EA-BC50-6908B79B6066}.Release|Any CPU.ActiveCfg = Release|Any CPU
		{75A58FCB-598B-49EA-BC50-6908B79B6066}.Release|Any CPU.Build.0 = Release|Any CPU
		{94FFDB51-86BB-426D-8061-12013AC76612}.Debug|Any CPU.ActiveCfg = Debug|Any CPU
		{94FFDB51-86BB-426D-8061-12013AC76612}.Debug|Any CPU.Build.0 = Debug|Any CPU
		{94FFDB51-86BB-426D-8061-12013AC76612}.Release|Any CPU.ActiveCfg = Release|Any CPU
		{94FFDB51-86BB-426D-8061-12013AC76612}.Release|Any CPU.Build.0 = Release|Any CPU
		{45DDC767-B0BE-4E21-A78E-DA9A668B5448}.Debug|Any CPU.ActiveCfg = Debug|Any CPU
		{45DDC767-B0BE-4E21-A78E-DA9A668B5448}.Debug|Any CPU.Build.0 = Debug|Any CPU
		{45DDC767-B0BE-4E21-A78E-DA9A668B5448}.Release|Any CPU.ActiveCfg = Release|Any CPU
		{45DDC767-B0BE-4E21-A78E-DA9A668B5448}.Release|Any CPU.Build.0 = Release|Any CPU
	EndGlobalSection
	GlobalSection(SolutionProperties) = preSolution
		HideSolutionNode = FALSE
	EndGlobalSection
	GlobalSection(ExtensibilityGlobals) = postSolution
		SolutionGuid = {52DC2D9E-1899-414B-99E5-947F2645A1DA}
	EndGlobalSection
EndGlobal
